// !$*UTF8*$!
{
	archiveVersion = 1;
	classes = {
	};
	objectVersion = 56;
	objects = {

/* Begin PBXBuildFile section */
		3F2ED6902CDB83D600DA9C79 /* EggApp.swift in Sources */ = {isa = PBXBuildFile; fileRef = 3F2ED68F2CDB83D600DA9C79 /* EggApp.swift */; };
		3F2ED6922CDB83D600DA9C79 /* ContentView.swift in Sources */ = {isa = PBXBuildFile; fileRef = 3F2ED6912CDB83D600DA9C79 /* ContentView.swift */; };
		3F2ED6942CDB83D800DA9C79 /* Assets.xcassets in Resources */ = {isa = PBXBuildFile; fileRef = 3F2ED6932CDB83D800DA9C79 /* Assets.xcassets */; };
		3F2ED6972CDB83D800DA9C79 /* Preview Assets.xcassets in Resources */ = {isa = PBXBuildFile; fileRef = 3F2ED6962CDB83D800DA9C79 /* Preview Assets.xcassets */; };
		3F2ED6A22CDB85AC00DA9C79 /* NeverMindPixel-5pixel.ttf in Resources */ = {isa = PBXBuildFile; fileRef = 3F2ED69D2CDB85AC00DA9C79 /* NeverMindPixel-5pixel.ttf */; };
		3F2ED6A32CDB85AC00DA9C79 /* NeverMindPixel-7pixel.ttf in Resources */ = {isa = PBXBuildFile; fileRef = 3F2ED69E2CDB85AC00DA9C79 /* NeverMindPixel-7pixel.ttf */; };
		3F2ED6A42CDB85AC00DA9C79 /* NeverMindPixel-9pixel.ttf in Resources */ = {isa = PBXBuildFile; fileRef = 3F2ED69F2CDB85AC00DA9C79 /* NeverMindPixel-9pixel.ttf */; };
		3F2ED6A52CDB85AC00DA9C79 /* NeverMindPixel-11pixel.ttf in Resources */ = {isa = PBXBuildFile; fileRef = 3F2ED6A02CDB85AC00DA9C79 /* NeverMindPixel-11pixel.ttf */; };
/* End PBXBuildFile section */

/* Begin PBXFileReference section */
		3F2ED68C2CDB83D600DA9C79 /* Egg.app */ = {isa = PBXFileReference; explicitFileType = wrapper.application; includeInIndex = 0; path = Egg.app; sourceTree = BUILT_PRODUCTS_DIR; };
		3F2ED68F2CDB83D600DA9C79 /* EggApp.swift */ = {isa = PBXFileReference; lastKnownFileType = sourcecode.swift; path = EggApp.swift; sourceTree = "<group>"; };
		3F2ED6912CDB83D600DA9C79 /* ContentView.swift */ = {isa = PBXFileReference; lastKnownFileType = sourcecode.swift; path = ContentView.swift; sourceTree = "<group>"; };
		3F2ED6932CDB83D800DA9C79 /* Assets.xcassets */ = {isa = PBXFileReference; lastKnownFileType = folder.assetcatalog; path = Assets.xcassets; sourceTree = "<group>"; };
		3F2ED6962CDB83D800DA9C79 /* Preview Assets.xcassets */ = {isa = PBXFileReference; lastKnownFileType = folder.assetcatalog; path = "Preview Assets.xcassets"; sourceTree = "<group>"; };
		3F2ED69D2CDB85AC00DA9C79 /* NeverMindPixel-5pixel.ttf */ = {isa = PBXFileReference; lastKnownFileType = file; path = "NeverMindPixel-5pixel.ttf"; sourceTree = "<group>"; };
		3F2ED69E2CDB85AC00DA9C79 /* NeverMindPixel-7pixel.ttf */ = {isa = PBXFileReference; lastKnownFileType = file; path = "NeverMindPixel-7pixel.ttf"; sourceTree = "<group>"; };
		3F2ED69F2CDB85AC00DA9C79 /* NeverMindPixel-9pixel.ttf */ = {isa = PBXFileReference; lastKnownFileType = file; path = "NeverMindPixel-9pixel.ttf"; sourceTree = "<group>"; };
		3F2ED6A02CDB85AC00DA9C79 /* NeverMindPixel-11pixel.ttf */ = {isa = PBXFileReference; lastKnownFileType = file; path = "NeverMindPixel-11pixel.ttf"; sourceTree = "<group>"; };
/* End PBXFileReference section */

/* Begin PBXFrameworksBuildPhase section */
		3F2ED6892CDB83D600DA9C79 /* Frameworks */ = {
			isa = PBXFrameworksBuildPhase;
			buildActionMask = 2147483647;
			files = (
			);
			runOnlyForDeploymentPostprocessing = 0;
		};
/* End PBXFrameworksBuildPhase section */

/* Begin PBXGroup section */
		3F2ED6832CDB83D600DA9C79 = {
			isa = PBXGroup;
			children = (
				3F2ED6A12CDB85AC00DA9C79 /* Fonts */,
				3F2ED68E2CDB83D600DA9C79 /* Egg */,
				3F2ED68D2CDB83D600DA9C79 /* Products */,
			);
			sourceTree = "<group>";
		};
		3F2ED68D2CDB83D600DA9C79 /* Products */ = {
			isa = PBXGroup;
			children = (
				3F2ED68C2CDB83D600DA9C79 /* Egg.app */,
			);
			name = Products;
			sourceTree = "<group>";
		};
		3F2ED68E2CDB83D600DA9C79 /* Egg */ = {
			isa = PBXGroup;
			children = (
				3F2ED68F2CDB83D600DA9C79 /* EggApp.swift */,
				3F2ED6912CDB83D600DA9C79 /* ContentView.swift */,
				3F2ED6932CDB83D800DA9C79 /* Assets.xcassets */,
				3F2ED6952CDB83D800DA9C79 /* Preview Content */,
			);
			path = Egg;
			sourceTree = "<group>";
		};
		3F2ED6952CDB83D800DA9C79 /* Preview Content */ = {
			isa = PBXGroup;
			children = (
				3F2ED6962CDB83D800DA9C79 /* Preview Assets.xcassets */,
			);
			path = "Preview Content";
			sourceTree = "<group>";
		};
		3F2ED6A12CDB85AC00DA9C79 /* Fonts */ = {
			isa = PBXGroup;
			children = (
				3F2ED69D2CDB85AC00DA9C79 /* NeverMindPixel-5pixel.ttf */,
				3F2ED69E2CDB85AC00DA9C79 /* NeverMindPixel-7pixel.ttf */,
				3F2ED69F2CDB85AC00DA9C79 /* NeverMindPixel-9pixel.ttf */,
				3F2ED6A02CDB85AC00DA9C79 /* NeverMindPixel-11pixel.ttf */,
			);
			path = Fonts;
			sourceTree = "<group>";
		};
/* End PBXGroup section */

/* Begin PBXNativeTarget section */
		3F2ED68B2CDB83D600DA9C79 /* Egg */ = {
			isa = PBXNativeTarget;
			buildConfigurationList = 3F2ED69A2CDB83D800DA9C79 /* Build configuration list for PBXNativeTarget "Egg" */;
			buildPhases = (
				3F2ED6882CDB83D600DA9C79 /* Sources */,
				3F2ED6892CDB83D600DA9C79 /* Frameworks */,
				3F2ED68A2CDB83D600DA9C79 /* Resources */,
			);
			buildRules = (
			);
			dependencies = (
			);
			name = Egg;
			productName = Egg;
			productReference = 3F2ED68C2CDB83D600DA9C79 /* Egg.app */;
			productType = "com.apple.product-type.application";
		};
/* End PBXNativeTarget section */

/* Begin PBXProject section */
		3F2ED6842CDB83D600DA9C79 /* Project object */ = {
			isa = PBXProject;
			attributes = {
				BuildIndependentTargetsInParallel = 1;
				LastSwiftUpdateCheck = 1540;
				LastUpgradeCheck = 1540;
				TargetAttributes = {
					3F2ED68B2CDB83D600DA9C79 = {
						CreatedOnToolsVersion = 15.4;
					};
				};
			};
			buildConfigurationList = 3F2ED6872CDB83D600DA9C79 /* Build configuration list for PBXProject "Egg" */;
			compatibilityVersion = "Xcode 14.0";
			developmentRegion = en;
			hasScannedForEncodings = 0;
			knownRegions = (
				en,
				Base,
			);
			mainGroup = 3F2ED6832CDB83D600DA9C79;
			productRefGroup = 3F2ED68D2CDB83D600DA9C79 /* Products */;
			projectDirPath = "";
			projectRoot = "";
			targets = (
				3F2ED68B2CDB83D600DA9C79 /* Egg */,
			);
		};
/* End PBXProject section */

/* Begin PBXResourcesBuildPhase section */
		3F2ED68A2CDB83D600DA9C79 /* Resources */ = {
			isa = PBXResourcesBuildPhase;
			buildActionMask = 2147483647;
			files = (
				3F2ED6A42CDB85AC00DA9C79 /* NeverMindPixel-9pixel.ttf in Resources */,
				3F2ED6972CDB83D800DA9C79 /* Preview Assets.xcassets in Resources */,
				3F2ED6A32CDB85AC00DA9C79 /* NeverMindPixel-7pixel.ttf in Resources */,
				3F2ED6942CDB83D800DA9C79 /* Assets.xcassets in Resources */,
				3F2ED6A22CDB85AC00DA9C79 /* NeverMindPixel-5pixel.ttf in Resources */,
				3F2ED6A52CDB85AC00DA9C79 /* NeverMindPixel-11pixel.ttf in Resources */,
			);
			runOnlyForDeploymentPostprocessing = 0;
		};
/* End PBXResourcesBuildPhase section */

/* Begin PBXSourcesBuildPhase section */
		3F2ED6882CDB83D600DA9C79 /* Sources */ = {
			isa = PBXSourcesBuildPhase;
			buildActionMask = 2147483647;
			files = (
				3F2ED6922CDB83D600DA9C79 /* ContentView.swift in Sources */,
				3F2ED6902CDB83D600DA9C79 /* EggApp.swift in Sources */,
			);
			runOnlyForDeploymentPostprocessing = 0;
		};
/* End PBXSourcesBuildPhase section */

/* Begin XCBuildConfiguration section */
		3F2ED6982CDB83D800DA9C79 /* Debug */ = {
			isa = XCBuildConfiguration;
			buildSettings = {
				ALWAYS_SEARCH_USER_PATHS = NO;
				ASSETCATALOG_COMPILER_GENERATE_SWIFT_ASSET_SYMBOL_EXTENSIONS = YES;
				CLANG_ANALYZER_NONNULL = YES;
				CLANG_ANALYZER_NUMBER_OBJECT_CONVERSION = YES_AGGRESSIVE;
				CLANG_CXX_LANGUAGE_STANDARD = "gnu++20";
				CLANG_ENABLE_MODULES = YES;
				CLANG_ENABLE_OBJC_ARC = YES;
				CLANG_ENABLE_OBJC_WEAK = YES;
				CLANG_WARN_BLOCK_CAPTURE_AUTORELEASING = YES;
				CLANG_WARN_BOOL_CONVERSION = YES;
				CLANG_WARN_COMMA = YES;
				CLANG_WARN_CONSTANT_CONVERSION = YES;
				CLANG_WARN_DEPRECATED_OBJC_IMPLEMENTATIONS = YES;
				CLANG_WARN_DIRECT_OBJC_ISA_USAGE = YES_ERROR;
				CLANG_WARN_DOCUMENTATION_COMMENTS = YES;
				CLANG_WARN_EMPTY_BODY = YES;
				CLANG_WARN_ENUM_CONVERSION = YES;
				CLANG_WARN_INFINITE_RECURSION = YES;
				CLANG_WARN_INT_CONVERSION = YES;
				CLANG_WARN_NON_LITERAL_NULL_CONVERSION = YES;
				CLANG_WARN_OBJC_IMPLICIT_RETAIN_SELF = YES;
				CLANG_WARN_OBJC_LITERAL_CONVERSION = YES;
				CLANG_WARN_OBJC_ROOT_CLASS = YES_ERROR;
				CLANG_WARN_QUOTED_INCLUDE_IN_FRAMEWORK_HEADER = YES;
				CLANG_WARN_RANGE_LOOP_ANALYSIS = YES;
				CLANG_WARN_STRICT_PROTOTYPES = YES;
				CLANG_WARN_SUSPICIOUS_MOVE = YES;
				CLANG_WARN_UNGUARDED_AVAILABILITY = YES_AGGRESSIVE;
				CLANG_WARN_UNREACHABLE_CODE = YES;
				CLANG_WARN__DUPLICATE_METHOD_MATCH = YES;
				COPY_PHASE_STRIP = NO;
				DEBUG_INFORMATION_FORMAT = dwarf;
				ENABLE_STRICT_OBJC_MSGSEND = YES;
				ENABLE_TESTABILITY = YES;
				ENABLE_USER_SCRIPT_SANDBOXING = YES;
				GCC_C_LANGUAGE_STANDARD = gnu17;
				GCC_DYNAMIC_NO_PIC = NO;
				GCC_NO_COMMON_BLOCKS = YES;
				GCC_OPTIMIZATION_LEVEL = 0;
				GCC_PREPROCESSOR_DEFINITIONS = (
					"DEBUG=1",
					"$(inherited)",
				);
				GCC_WARN_64_TO_32_BIT_CONVERSION = YES;
				GCC_WARN_ABOUT_RETURN_TYPE = YES_ERROR;
				GCC_WARN_UNDECLARED_SELECTOR = YES;
				GCC_WARN_UNINITIALIZED_AUTOS = YES_AGGRESSIVE;
				GCC_WARN_UNUSED_FUNCTION = YES;
				GCC_WARN_UNUSED_VARIABLE = YES;
				IPHONEOS_DEPLOYMENT_TARGET = 17.5;
				LOCALIZATION_PREFERS_STRING_CATALOGS = YES;
				MTL_ENABLE_DEBUG_INFO = INCLUDE_SOURCE;
				MTL_FAST_MATH = YES;
				ONLY_ACTIVE_ARCH = YES;
				SDKROOT = iphoneos;
				SWIFT_ACTIVE_COMPILATION_CONDITIONS = "DEBUG $(inherited)";
				SWIFT_OPTIMIZATION_LEVEL = "-Onone";
			};
			name = Debug;
		};
		3F2ED6992CDB83D800DA9C79 /* Release */ = {
			isa = XCBuildConfiguration;
			buildSettings = {
				ALWAYS_SEARCH_USER_PATHS = NO;
				ASSETCATALOG_COMPILER_GENERATE_SWIFT_ASSET_SYMBOL_EXTENSIONS = YES;
				CLANG_ANALYZER_NONNULL = YES;
				CLANG_ANALYZER_NUMBER_OBJECT_CONVERSION = YES_AGGRESSIVE;
				CLANG_CXX_LANGUAGE_STANDARD = "gnu++20";
				CLANG_ENABLE_MODULES = YES;
				CLANG_ENABLE_OBJC_ARC = YES;
				CLANG_ENABLE_OBJC_WEAK = YES;
				CLANG_WARN_BLOCK_CAPTURE_AUTORELEASING = YES;
				CLANG_WARN_BOOL_CONVERSION = YES;
				CLANG_WARN_COMMA = YES;
				CLANG_WARN_CONSTANT_CONVERSION = YES;
				CLANG_WARN_DEPRECATED_OBJC_IMPLEMENTATIONS = YES;
				CLANG_WARN_DIRECT_OBJC_ISA_USAGE = YES_ERROR;
				CLANG_WARN_DOCUMENTATION_COMMENTS = YES;
				CLANG_WARN_EMPTY_BODY = YES;
				CLANG_WARN_ENUM_CONVERSION = YES;
				CLANG_WARN_INFINITE_RECURSION = YES;
				CLANG_WARN_INT_CONVERSION = YES;
				CLANG_WARN_NON_LITERAL_NULL_CONVERSION = YES;
				CLANG_WARN_OBJC_IMPLICIT_RETAIN_SELF = YES;
				CLANG_WARN_OBJC_LITERAL_CONVERSION = YES;
				CLANG_WARN_OBJC_ROOT_CLASS = YES_ERROR;
				CLANG_WARN_QUOTED_INCLUDE_IN_FRAMEWORK_HEADER = YES;
				CLANG_WARN_RANGE_LOOP_ANALYSIS = YES;
				CLANG_WARN_STRICT_PROTOTYPES = YES;
				CLANG_WARN_SUSPICIOUS_MOVE = YES;
				CLANG_WARN_UNGUARDED_AVAILABILITY = YES_AGGRESSIVE;
				CLANG_WARN_UNREACHABLE_CODE = YES;
				CLANG_WARN__DUPLICATE_METHOD_MATCH = YES;
				COPY_PHASE_STRIP = NO;
				DEBUG_INFORMATION_FORMAT = "dwarf-with-dsym";
				ENABLE_NS_ASSERTIONS = NO;
				ENABLE_STRICT_OBJC_MSGSEND = YES;
				ENABLE_USER_SCRIPT_SANDBOXING = YES;
				GCC_C_LANGUAGE_STANDARD = gnu17;
				GCC_NO_COMMON_BLOCKS = YES;
				GCC_WARN_64_TO_32_BIT_CONVERSION = YES;
				GCC_WARN_ABOUT_RETURN_TYPE = YES_ERROR;
				GCC_WARN_UNDECLARED_SELECTOR = YES;
				GCC_WARN_UNINITIALIZED_AUTOS = YES_AGGRESSIVE;
				GCC_WARN_UNUSED_FUNCTION = YES;
				GCC_WARN_UNUSED_VARIABLE = YES;
				IPHONEOS_DEPLOYMENT_TARGET = 17.5;
				LOCALIZATION_PREFERS_STRING_CATALOGS = YES;
				MTL_ENABLE_DEBUG_INFO = NO;
				MTL_FAST_MATH = YES;
				SDKROOT = iphoneos;
				SWIFT_COMPILATION_MODE = wholemodule;
				VALIDATE_PRODUCT = YES;
			};
			name = Release;
		};
		3F2ED69B2CDB83D800DA9C79 /* Debug */ = {
			isa = XCBuildConfiguration;
			buildSettings = {
				ASSETCATALOG_COMPILER_APPICON_NAME = AppIcon;
				ASSETCATALOG_COMPILER_GLOBAL_ACCENT_COLOR_NAME = AccentColor;
				CODE_SIGN_STYLE = Automatic;
				CURRENT_PROJECT_VERSION = 1;
				DEVELOPMENT_ASSET_PATHS = "\"Egg/Preview Content\"";
				DEVELOPMENT_TEAM = 6P9693WTZ5;
				ENABLE_PREVIEWS = YES;
				GENERATE_INFOPLIST_FILE = YES;
				INFOPLIST_KEY_UIApplicationSceneManifest_Generation = YES;
				INFOPLIST_KEY_UIApplicationSupportsIndirectInputEvents = YES;
				INFOPLIST_KEY_UILaunchScreen_Generation = YES;
				INFOPLIST_KEY_UISupportedInterfaceOrientations_iPad = "UIInterfaceOrientationPortrait UIInterfaceOrientationPortraitUpsideDown UIInterfaceOrientationLandscapeLeft UIInterfaceOrientationLandscapeRight";
				INFOPLIST_KEY_UISupportedInterfaceOrientations_iPhone = "UIInterfaceOrientationPortrait UIInterfaceOrientationLandscapeLeft UIInterfaceOrientationLandscapeRight";
				IPHONEOS_DEPLOYMENT_TARGET = 16.0;
				LD_RUNPATH_SEARCH_PATHS = (
					"$(inherited)",
					"@executable_path/Frameworks",
				);
				MARKETING_VERSION = 1.0;
				PRODUCT_BUNDLE_IDENTIFIER = lan.egg.Egg;
				PRODUCT_NAME = "$(TARGET_NAME)";
				SWIFT_EMIT_LOC_STRINGS = YES;
				SWIFT_VERSION = 5.0;
				TARGETED_DEVICE_FAMILY = "1,2";
			};
			name = Debug;
		};
		3F2ED69C2CDB83D800DA9C79 /* Release */ = {
			isa = XCBuildConfiguration;
			buildSettings = {
				ASSETCATALOG_COMPILER_APPICON_NAME = AppIcon;
				ASSETCATALOG_COMPILER_GLOBAL_ACCENT_COLOR_NAME = AccentColor;
				CODE_SIGN_STYLE = Automatic;
				CURRENT_PROJECT_VERSION = 1;
				DEVELOPMENT_ASSET_PATHS = "\"Egg/Preview Content\"";
				DEVELOPMENT_TEAM = 6P9693WTZ5;
				ENABLE_PREVIEWS = YES;
				GENERATE_INFOPLIST_FILE = YES;
				INFOPLIST_KEY_UIApplicationSceneManifest_Generation = YES;
				INFOPLIST_KEY_UIApplicationSupportsIndirectInputEvents = YES;
				INFOPLIST_KEY_UILaunchScreen_Generation = YES;
				INFOPLIST_KEY_UISupportedInterfaceOrientations_iPad = "UIInterfaceOrientationPortrait UIInterfaceOrientationPortraitUpsideDown UIInterfaceOrientationLandscapeLeft UIInterfaceOrientationLandscapeRight";
				INFOPLIST_KEY_UISupportedInterfaceOrientations_iPhone = "UIInterfaceOrientationPortrait UIInterfaceOrientationLandscapeLeft UIInterfaceOrientationLandscapeRight";
				IPHONEOS_DEPLOYMENT_TARGET = 16.0;
				LD_RUNPATH_SEARCH_PATHS = (
					"$(inherited)",
					"@executable_path/Frameworks",
				);
				MARKETING_VERSION = 1.0;
				PRODUCT_BUNDLE_IDENTIFIER = lan.egg.Egg;
				PRODUCT_NAME = "$(TARGET_NAME)";
				SWIFT_EMIT_LOC_STRINGS = YES;
				SWIFT_VERSION = 5.0;
				TARGETED_DEVICE_FAMILY = "1,2";
			};
			name = Release;
		};
/* End XCBuildConfiguration section */

/* Begin XCConfigurationList section */
		3F2ED6872CDB83D600DA9C79 /* Build configuration list for PBXProject "Egg" */ = {
			isa = XCConfigurationList;
			buildConfigurations = (
				3F2ED6982CDB83D800DA9C79 /* Debug */,
				3F2ED6992CDB83D800DA9C79 /* Release */,
			);
			defaultConfigurationIsVisible = 0;
			defaultConfigurationName = Release;
		};
		3F2ED69A2CDB83D800DA9C79 /* Build configuration list for PBXNativeTarget "Egg" */ = {
			isa = XCConfigurationList;
			buildConfigurations = (
				3F2ED69B2CDB83D800DA9C79 /* Debug */,
				3F2ED69C2CDB83D800DA9C79 /* Release */,
			);
			defaultConfigurationIsVisible = 0;
			defaultConfigurationName = Release;
		};
/* End XCConfigurationList section */
	};
	rootObject = 3F2ED6842CDB83D600DA9C79 /* Project object */;
}
